
Microsoft Visual Studio Solution File, Format Version 12.00
# Visual Studio Version 17
VisualStudioVersion = 17.6.33723.286
MinimumVisualStudioVersion = 10.0.40219.1
Project("{2150E333-8FDC-42A3-9474-1A3956D46DE8}") = "src", "src", "{0B6128A5-0F58-48BB-A286-4261BDB8099E}"
EndProject
Project("{2150E333-8FDC-42A3-9474-1A3956D46DE8}") = "test", "test", "{58F22256-9B27-4426-B2BA-F361F5A78283}"
EndProject
Project("{9A19103F-16F7-4668-BE54-9A1E7A4F7556}") = "Distributed.Store.Core", "src\Distributed.Store.Core\Distributed.Store.Core.csproj", "{1BC2A202-07A1-479B-B128-822A8FC84464}"
EndProject
Project("{9A19103F-16F7-4668-BE54-9A1E7A4F7556}") = "Distributed.Store.UnitTest", "test\Distributed.Store.UnitTest\Distributed.Store.UnitTest.csproj", "{50C5F0D2-1777-4A7C-B6B8-8EE34DEAB5F5}"
EndProject
Project("{FAE04EC0-301F-11D3-BF4B-00C04F79EFBC}") = "Distributed.Store.ReadApi", "src\Distributed.Store.ReadApi\Distributed.Store.ReadApi.csproj", "{6BE827E7-6C25-4CA9-8F25-ACD22DD5F34D}"
EndProject
Project("{FAE04EC0-301F-11D3-BF4B-00C04F79EFBC}") = "Distributed.Store.WriteApi", "src\Distributed.Store.WriteApi\Distributed.Store.WriteApi.csproj", "{808D2A4B-DCCC-42E6-930A-5BC3E3AB60B7}"
EndProject
Project("{FAE04EC0-301F-11D3-BF4B-00C04F79EFBC}") = "Distributed.Store.Shared", "src\Distributed.Store.Shared\Distributed.Store.Shared.csproj", "{0853B6AA-3199-48D3-9FB0-3FB0443985BF}"
EndProject
Global
	GlobalSection(SolutionConfigurationPlatforms) = preSolution
		Debug|Any CPU = Debug|Any CPU
		Release|Any CPU = Release|Any CPU
	EndGlobalSection
	GlobalSection(ProjectConfigurationPlatforms) = postSolution
		{1BC2A202-07A1-479B-B128-822A8FC84464}.Debug|Any CPU.ActiveCfg = Debug|Any CPU
		{1BC2A202-07A1-479B-B128-822A8FC84464}.Debug|Any CPU.Build.0 = Debug|Any CPU
		{1BC2A202-07A1-479B-B128-822A8FC84464}.Release|Any CPU.ActiveCfg = Release|Any CPU
		{1BC2A202-07A1-479B-B128-822A8FC84464}.Release|Any CPU.Build.0 = Release|Any CPU
		{50C5F0D2-1777-4A7C-B6B8-8EE34DEAB5F5}.Debug|Any CPU.ActiveCfg = Debug|Any CPU
		{50C5F0D2-1777-4A7C-B6B8-8EE34DEAB5F5}.Debug|Any CPU.Build.0 = Debug|Any CPU
		{50C5F0D2-1777-4A7C-B6B8-8EE34DEAB5F5}.Release|Any CPU.ActiveCfg = Release|Any CPU
		{50C5F0D2-1777-4A7C-B6B8-8EE34DEAB5F5}.Release|Any CPU.Build.0 = Release|Any CPU
		{6BE827E7-6C25-4CA9-8F25-ACD22DD5F34D}.Debug|Any CPU.ActiveCfg = Debug|Any CPU
		{6BE827E7-6C25-4CA9-8F25-ACD22DD5F34D}.Debug|Any CPU.Build.0 = Debug|Any CPU
		{6BE827E7-6C25-4CA9-8F25-ACD22DD5F34D}.Release|Any CPU.ActiveCfg = Release|Any CPU
		{6BE827E7-6C25-4CA9-8F25-ACD22DD5F34D}.Release|Any CPU.Build.0 = Release|Any CPU
		{808D2A4B-DCCC-42E6-930A-5BC3E3AB60B7}.Debug|Any CPU.ActiveCfg = Debug|Any CPU
		{808D2A4B-DCCC-42E6-930A-5BC3E3AB60B7}.Debug|Any CPU.Build.0 = Debug|Any CPU
		{808D2A4B-DCCC-42E6-930A-5BC3E3AB60B7}.Release|Any CPU.ActiveCfg = Release|Any CPU
		{808D2A4B-DCCC-42E6-930A-5BC3E3AB60B7}.Release|Any CPU.Build.0 = Release|Any CPU
		{0853B6AA-3199-48D3-9FB0-3FB0443985BF}.Debug|Any CPU.ActiveCfg = Debug|Any CPU
		{0853B6AA-3199-48D3-9FB0-3FB0443985BF}.Debug|Any CPU.Build.0 = Debug|Any CPU
		{0853B6AA-3199-48D3-9FB0-3FB0443985BF}.Release|Any CPU.ActiveCfg = Release|Any CPU
		{0853B6AA-3199-48D3-9FB0-3FB0443985BF}.Release|Any CPU.Build.0 = Release|Any CPU
	EndGlobalSection
	GlobalSection(SolutionProperties) = preSolution
		HideSolutionNode = FALSE
	EndGlobalSection
	GlobalSection(NestedProjects) = preSolution
		{1BC2A202-07A1-479B-B128-822A8FC84464} = {0B6128A5-0F58-48BB-A286-4261BDB8099E}
		{50C5F0D2-1777-4A7C-B6B8-8EE34DEAB5F5} = {58F22256-9B27-4426-B2BA-F361F5A78283}
		{6BE827E7-6C25-4CA9-8F25-ACD22DD5F34D} = {0B6128A5-0F58-48BB-A286-4261BDB8099E}
		{808D2A4B-DCCC-42E6-930A-5BC3E3AB60B7} = {0B6128A5-0F58-48BB-A286-4261BDB8099E}
		{0853B6AA-3199-48D3-9FB0-3FB0443985BF} = {0B6128A5-0F58-48BB-A286-4261BDB8099E}
	EndGlobalSection
	GlobalSection(ExtensibilityGlobals) = postSolution
		SolutionGuid = {C4A4CAC3-FF28-4C78-B469-8F393ED6B032}
	EndGlobalSection
EndGlobal
